
Microsoft Visual Studio Solution File, Format Version 12.00
# Visual Studio Version 16
VisualStudioVersion = 16.0.30804.86
MinimumVisualStudioVersion = 10.0.40219.1
Project("{9A19103F-16F7-4668-BE54-9A1E7A4F7556}") = "wHealth", "wHealth\wHealth.csproj", "{EB676040-0A22-4ABD-91C3-E8FF4FAB5573}"
EndProject
Project("{9A19103F-16F7-4668-BE54-9A1E7A4F7556}") = "wHealthApi", "wHealthApi\wHealthApi.csproj", "{BD5DE232-B419-477A-9C70-7CB1BED74214}"
EndProject
Global
	GlobalSection(SolutionConfigurationPlatforms) = preSolution
		Debug|Any CPU = Debug|Any CPU
		Release|Any CPU = Release|Any CPU
	EndGlobalSection
	GlobalSection(ProjectConfigurationPlatforms) = postSolution
		{EB676040-0A22-4ABD-91C3-E8FF4FAB5573}.Debug|Any CPU.ActiveCfg = Debug|Any CPU
		{EB676040-0A22-4ABD-91C3-E8FF4FAB5573}.Debug|Any CPU.Build.0 = Debug|Any CPU
		{EB676040-0A22-4ABD-91C3-E8FF4FAB5573}.Release|Any CPU.ActiveCfg = Release|Any CPU
		{EB676040-0A22-4ABD-91C3-E8FF4FAB5573}.Release|Any CPU.Build.0 = Release|Any CPU
		{BD5DE232-B419-477A-9C70-7CB1BED74214}.Debug|Any CPU.ActiveCfg = Debug|Any CPU
		{BD5DE232-B419-477A-9C70-7CB1BED74214}.Debug|Any CPU.Build.0 = Debug|Any CPU
		{BD5DE232-B419-477A-9C70-7CB1BED74214}.Release|Any CPU.ActiveCfg = Release|Any CPU
		{BD5DE232-B419-477A-9C70-7CB1BED74214}.Release|Any CPU.Build.0 = Release|Any CPU
	EndGlobalSection
	GlobalSection(SolutionProperties) = preSolution
		HideSolutionNode = FALSE
	EndGlobalSection
	GlobalSection(ExtensibilityGlobals) = postSolution
		SolutionGuid = {BF93AE97-6F46-467E-9325-570060A3FF76}
	EndGlobalSection
EndGlobal
